
Microsoft Visual Studio Solution File, Format Version 12.00
# Visual Studio Version 16
VisualStudioVersion = 16.0.30320.27
MinimumVisualStudioVersion = 10.0.40219.1
Project("{FAE04EC0-301F-11D3-BF4B-00C04F79EFBC}") = "DesafioTecnico.ConsoleApp", "DesafioTecnico.ConsoleApp.csproj", "{453B9C45-0C67-4B22-ADE7-3B94F59EB101}"
EndProject
Project("{FAE04EC0-301F-11D3-BF4B-00C04F79EFBC}") = "DesafioTecnico.UnitTest", "..\DesafioTecnico.UnitTest\DesafioTecnico.UnitTest.csproj", "{57425E18-6F01-4F5F-A48C-ABB9F38E8FC6}"
EndProject
Project("{FAE04EC0-301F-11D3-BF4B-00C04F79EFBC}") = "DesafioTecnico.WebApi", "..\DesafioTecnico.WebApi\DesafioTecnico.WebApi.csproj", "{59DF0CCB-A19B-4A79-BC5B-A4DA3E9DA539}"
EndProject
Project("{FAE04EC0-301F-11D3-BF4B-00C04F79EFBC}") = "DesafioTecnico.Commons", "..\DesafioTecnico.Commons\DesafioTecnico.Commons.csproj", "{0B10BD83-B81B-403A-A0AD-58F945FC66A8}"
EndProject
Project("{FAE04EC0-301F-11D3-BF4B-00C04F79EFBC}") = "DesafioTecnico.WebMVC", "..\DesafioTecnico.WebMVC\DesafioTecnico.WebMVC.csproj", "{2EF06F92-4896-4BD0-B1A9-E3421E8318D1}"
EndProject
Global
	GlobalSection(SolutionConfigurationPlatforms) = preSolution
		Debug|Any CPU = Debug|Any CPU
		Release|Any CPU = Release|Any CPU
	EndGlobalSection
	GlobalSection(ProjectConfigurationPlatforms) = postSolution
		{453B9C45-0C67-4B22-ADE7-3B94F59EB101}.Debug|Any CPU.ActiveCfg = Debug|Any CPU
		{453B9C45-0C67-4B22-ADE7-3B94F59EB101}.Debug|Any CPU.Build.0 = Debug|Any CPU
		{453B9C45-0C67-4B22-ADE7-3B94F59EB101}.Release|Any CPU.ActiveCfg = Release|Any CPU
		{453B9C45-0C67-4B22-ADE7-3B94F59EB101}.Release|Any CPU.Build.0 = Release|Any CPU
		{57425E18-6F01-4F5F-A48C-ABB9F38E8FC6}.Debug|Any CPU.ActiveCfg = Debug|Any CPU
		{57425E18-6F01-4F5F-A48C-ABB9F38E8FC6}.Debug|Any CPU.Build.0 = Debug|Any CPU
		{57425E18-6F01-4F5F-A48C-ABB9F38E8FC6}.Release|Any CPU.ActiveCfg = Release|Any CPU
		{57425E18-6F01-4F5F-A48C-ABB9F38E8FC6}.Release|Any CPU.Build.0 = Release|Any CPU
		{59DF0CCB-A19B-4A79-BC5B-A4DA3E9DA539}.Debug|Any CPU.ActiveCfg = Debug|Any CPU
		{59DF0CCB-A19B-4A79-BC5B-A4DA3E9DA539}.Debug|Any CPU.Build.0 = Debug|Any CPU
		{59DF0CCB-A19B-4A79-BC5B-A4DA3E9DA539}.Release|Any CPU.ActiveCfg = Release|Any CPU
		{59DF0CCB-A19B-4A79-BC5B-A4DA3E9DA539}.Release|Any CPU.Build.0 = Release|Any CPU
		{0B10BD83-B81B-403A-A0AD-58F945FC66A8}.Debug|Any CPU.ActiveCfg = Debug|Any CPU
		{0B10BD83-B81B-403A-A0AD-58F945FC66A8}.Debug|Any CPU.Build.0 = Debug|Any CPU
		{0B10BD83-B81B-403A-A0AD-58F945FC66A8}.Release|Any CPU.ActiveCfg = Release|Any CPU
		{0B10BD83-B81B-403A-A0AD-58F945FC66A8}.Release|Any CPU.Build.0 = Release|Any CPU
		{2EF06F92-4896-4BD0-B1A9-E3421E8318D1}.Debug|Any CPU.ActiveCfg = Debug|Any CPU
		{2EF06F92-4896-4BD0-B1A9-E3421E8318D1}.Debug|Any CPU.Build.0 = Debug|Any CPU
		{2EF06F92-4896-4BD0-B1A9-E3421E8318D1}.Release|Any CPU.ActiveCfg = Release|Any CPU
		{2EF06F92-4896-4BD0-B1A9-E3421E8318D1}.Release|Any CPU.Build.0 = Release|Any CPU
	EndGlobalSection
	GlobalSection(SolutionProperties) = preSolution
		HideSolutionNode = FALSE
	EndGlobalSection
	GlobalSection(ExtensibilityGlobals) = postSolution
		SolutionGuid = {2C0426FA-3EB3-42DA-B44E-F3BDDE7025A3}
	EndGlobalSection
EndGlobal
